
Microsoft Visual Studio Solution File, Format Version 12.00
# Visual Studio Version 16
VisualStudioVersion = 16.0.28917.182
MinimumVisualStudioVersion = 10.0.40219.1
Project("{9A19103F-16F7-4668-BE54-9A1E7A4F7556}") = "Web", "Web\Web.csproj", "{59CCFD48-D354-48EB-9EAA-1C174A52D2D9}"
EndProject
Project("{9A19103F-16F7-4668-BE54-9A1E7A4F7556}") = "ServerlessFunctions", "ServerlessFunctions\ServerlessFunctions.csproj", "{75DF50AD-DAEF-4E67-B90F-9A125A42B41A}"
EndProject
Global
	GlobalSection(SolutionConfigurationPlatforms) = preSolution
		Debug|Any CPU = Debug|Any CPU
		Release|Any CPU = Release|Any CPU
	EndGlobalSection
	GlobalSection(ProjectConfigurationPlatforms) = postSolution
		{59CCFD48-D354-48EB-9EAA-1C174A52D2D9}.Debug|Any CPU.ActiveCfg = Debug|Any CPU
		{59CCFD48-D354-48EB-9EAA-1C174A52D2D9}.Debug|Any CPU.Build.0 = Debug|Any CPU
		{59CCFD48-D354-48EB-9EAA-1C174A52D2D9}.Release|Any CPU.ActiveCfg = Release|Any CPU
		{59CCFD48-D354-48EB-9EAA-1C174A52D2D9}.Release|Any CPU.Build.0 = Release|Any CPU
		{75DF50AD-DAEF-4E67-B90F-9A125A42B41A}.Debug|Any CPU.ActiveCfg = Debug|Any CPU
		{75DF50AD-DAEF-4E67-B90F-9A125A42B41A}.Debug|Any CPU.Build.0 = Debug|Any CPU
		{75DF50AD-DAEF-4E67-B90F-9A125A42B41A}.Release|Any CPU.ActiveCfg = Release|Any CPU
		{75DF50AD-DAEF-4E67-B90F-9A125A42B41A}.Release|Any CPU.Build.0 = Release|Any CPU
	EndGlobalSection
	GlobalSection(SolutionProperties) = preSolution
		HideSolutionNode = FALSE
	EndGlobalSection
	GlobalSection(ExtensibilityGlobals) = postSolution
		SolutionGuid = {54881C4F-8CCF-48D3-BE7C-D46816A9006B}
	EndGlobalSection
EndGlobal
